// !$*UTF8*$!
{
	archiveVersion = 1;
	classes = {
	};
	objectVersion = 48;
	objects = {

/* Begin PBXBuildFile section */
		AF087D8E1F78E3DB006C6BAF /* SwiftyJSON.framework in Frameworks */ = {isa = PBXBuildFile; fileRef = AF087D8C1F78E3DB006C6BAF /* SwiftyJSON.framework */; };
		AF087D8F1F78E3DB006C6BAF /* Alamofire.framework in Frameworks */ = {isa = PBXBuildFile; fileRef = AF087D8D1F78E3DB006C6BAF /* Alamofire.framework */; };
		AF087D9A1F790BA5006C6BAF /* LaunchScreen.storyboard in Resources */ = {isa = PBXBuildFile; fileRef = AF087D981F790B2B006C6BAF /* LaunchScreen.storyboard */; };
		AF087D9B1F790BA5006C6BAF /* Main.storyboard in Resources */ = {isa = PBXBuildFile; fileRef = AF087D991F790B2B006C6BAF /* Main.storyboard */; };
		AF113E2A1F8609070026921A /* ColorPalette.swift in Sources */ = {isa = PBXBuildFile; fileRef = AF113E291F8609070026921A /* ColorPalette.swift */; };
		AF161EEF1F78A6FF00B2DD73 /* AppDelegate.swift in Sources */ = {isa = PBXBuildFile; fileRef = AF161EEE1F78A6FF00B2DD73 /* AppDelegate.swift */; };
		AF161EF11F78A6FF00B2DD73 /* FeedViewController.swift in Sources */ = {isa = PBXBuildFile; fileRef = AF161EF01F78A6FF00B2DD73 /* FeedViewController.swift */; };
		AF161EF61F78A6FF00B2DD73 /* Assets.xcassets in Resources */ = {isa = PBXBuildFile; fileRef = AF161EF51F78A6FF00B2DD73 /* Assets.xcassets */; };
		AF161F041F78A6FF00B2DD73 /* piyopiyoTests.swift in Sources */ = {isa = PBXBuildFile; fileRef = AF161F031F78A6FF00B2DD73 /* piyopiyoTests.swift */; };
		AF161F0F1F78A6FF00B2DD73 /* piyopiyoUITests.swift in Sources */ = {isa = PBXBuildFile; fileRef = AF161F0E1F78A6FF00B2DD73 /* piyopiyoUITests.swift */; };
		AF3103F51F95E74900FBCDC7 /* ContinuityTweets.swift in Sources */ = {isa = PBXBuildFile; fileRef = AF3103F41F95E74900FBCDC7 /* ContinuityTweets.swift */; };
		AF3103F71F95F4E200FBCDC7 /* ContinuityMicroContents.swift in Sources */ = {isa = PBXBuildFile; fileRef = AF3103F61F95F4E200FBCDC7 /* ContinuityMicroContents.swift */; };
		AF3F1E3D1F90701B004F9456 /* TwitterAuthorization.swift in Sources */ = {isa = PBXBuildFile; fileRef = AF3F1E3C1F90701B004F9456 /* TwitterAuthorization.swift */; };
		AF4260C41F90B77F00249975 /* TwitterAuthorizationTests.swift in Sources */ = {isa = PBXBuildFile; fileRef = AF4260C31F90B77F00249975 /* TwitterAuthorizationTests.swift */; };
		AF4260C61F90C22500249975 /* Error.swift in Sources */ = {isa = PBXBuildFile; fileRef = AF4260C51F90C22500249975 /* Error.swift */; };
		AF914D221F908AB00085FE1C /* SwifteriOS.framework in Frameworks */ = {isa = PBXBuildFile; fileRef = AF914D211F908AB00085FE1C /* SwifteriOS.framework */; };
		AFBDE5B91F7A265500441353 /* .gitkeep in Resources */ = {isa = PBXBuildFile; fileRef = AFBDE5B81F7A265500441353 /* .gitkeep */; };
		AFBDE5BB1F7A267300441353 /* .gitkeep in Resources */ = {isa = PBXBuildFile; fileRef = AFBDE5BA1F7A267300441353 /* .gitkeep */; };
		AFBDE5BD1F7A268200441353 /* .gitkeep in Resources */ = {isa = PBXBuildFile; fileRef = AFBDE5BC1F7A268200441353 /* .gitkeep */; };
		AFBDE5C31F7A34F000441353 /* BalloonView.xib in Resources */ = {isa = PBXBuildFile; fileRef = AFBDE5C21F7A34F000441353 /* BalloonView.xib */; };
		AFBDE5C51F7A390C00441353 /* BalloonView.swift in Sources */ = {isa = PBXBuildFile; fileRef = AFBDE5C41F7A390C00441353 /* BalloonView.swift */; };
		AFC1F0231F8C9863007AB2E0 /* FeedTableViewCell.swift in Sources */ = {isa = PBXBuildFile; fileRef = AFC1F0211F8C9863007AB2E0 /* FeedTableViewCell.swift */; };
		AFC1F0241F8C9863007AB2E0 /* FeedTableViewCell.xib in Resources */ = {isa = PBXBuildFile; fileRef = AFC1F0221F8C9863007AB2E0 /* FeedTableViewCell.xib */; };
		AFECFAD31F7DF321001A9A0E /* FeedUITests.swift in Sources */ = {isa = PBXBuildFile; fileRef = AFECFAD21F7DF321001A9A0E /* FeedUITests.swift */; };
		E46997261F97274F00D635AB /* MenuView.xib in Resources */ = {isa = PBXBuildFile; fileRef = E46997251F97274E00D635AB /* MenuView.xib */; };
		E46997281F9740CE00D635AB /* MenuView.swift in Sources */ = {isa = PBXBuildFile; fileRef = E46997271F9740CE00D635AB /* MenuView.swift */; };
		E48B90A01F905C610080836C /* Tweet.swift in Sources */ = {isa = PBXBuildFile; fileRef = E48B909F1F905C610080836C /* Tweet.swift */; };
		E48B90A21F905C880080836C /* MicroContent.swift in Sources */ = {isa = PBXBuildFile; fileRef = E48B90A11F905C880080836C /* MicroContent.swift */; };
		E48B90A41F9060AA0080836C /* UserProfile.swift in Sources */ = {isa = PBXBuildFile; fileRef = E48B90A31F9060AA0080836C /* UserProfile.swift */; };
		E48B90A61F90671C0080836C /* TwitterUserProfile.swift in Sources */ = {isa = PBXBuildFile; fileRef = E48B90A51F90671C0080836C /* TwitterUserProfile.swift */; };
		E4AE01DB1F84A761002A1446 /* MicropostUserProfile.swift in Sources */ = {isa = PBXBuildFile; fileRef = E4AE01DA1F84A761002A1446 /* MicropostUserProfile.swift */; };
		E4AE01DD1F84AC46002A1446 /* UserProfileTests.swift in Sources */ = {isa = PBXBuildFile; fileRef = E4AE01DC1F84AC46002A1446 /* UserProfileTests.swift */; };
		E4B874911F85E0CD00B7F0BF /* ContinuityMicroposts.swift in Sources */ = {isa = PBXBuildFile; fileRef = E4B874901F85E0CD00B7F0BF /* ContinuityMicroposts.swift */; };
		E4B874931F8600FD00B7F0BF /* ContinuityMicropostsTests.swift in Sources */ = {isa = PBXBuildFile; fileRef = E4B874921F8600FD00B7F0BF /* ContinuityMicropostsTests.swift */; };
		E4B874951F8736A900B7F0BF /* SDWebImage.framework in Frameworks */ = {isa = PBXBuildFile; fileRef = E4B874941F8736A900B7F0BF /* SDWebImage.framework */; };
		E4D89DA01F833AE1006A419A /* APIClient.swift in Sources */ = {isa = PBXBuildFile; fileRef = E4D89D9F1F833AE0006A419A /* APIClient.swift */; };
		E4D89DA21F833BE2006A419A /* Micropost.swift in Sources */ = {isa = PBXBuildFile; fileRef = E4D89DA11F833BE2006A419A /* Micropost.swift */; };
		E4D89DA41F8383CD006A419A /* MicropostTests.swift in Sources */ = {isa = PBXBuildFile; fileRef = E4D89DA31F8383CD006A419A /* MicropostTests.swift */; };
		E4F700641F7A260700869BD5 /* TutorialView.xib in Resources */ = {isa = PBXBuildFile; fileRef = E4F700631F7A260700869BD5 /* TutorialView.xib */; };
		E4F700661F7A2FBD00869BD5 /* ColorButton.swift in Sources */ = {isa = PBXBuildFile; fileRef = E4F700651F7A2FBD00869BD5 /* ColorButton.swift */; };
		E4F700681F7A4BEA00869BD5 /* ProfileView.xib in Resources */ = {isa = PBXBuildFile; fileRef = E4F700671F7A4BEA00869BD5 /* ProfileView.xib */; };
		E4F7006A1F7A4E8E00869BD5 /* ProfileView.swift in Sources */ = {isa = PBXBuildFile; fileRef = E4F700691F7A4E8E00869BD5 /* ProfileView.swift */; };
		E4F7006C1F7B81F300869BD5 /* TutorialView.swift in Sources */ = {isa = PBXBuildFile; fileRef = E4F7006B1F7B81F300869BD5 /* TutorialView.swift */; };
		E4F7006E1F7B9BB900869BD5 /* UserFeed.storyboard in Resources */ = {isa = PBXBuildFile; fileRef = E4F7006D1F7B9BB900869BD5 /* UserFeed.storyboard */; };
		E4F700701F7B9D3E00869BD5 /* UserFeedViewController.swift in Sources */ = {isa = PBXBuildFile; fileRef = E4F7006F1F7B9D3E00869BD5 /* UserFeedViewController.swift */; };
/* End PBXBuildFile section */

/* Begin PBXContainerItemProxy section */
		AF161F001F78A6FF00B2DD73 /* PBXContainerItemProxy */ = {
			isa = PBXContainerItemProxy;
			containerPortal = AF161EE31F78A6FF00B2DD73 /* Project object */;
			proxyType = 1;
			remoteGlobalIDString = AF161EEA1F78A6FF00B2DD73;
			remoteInfo = piyopiyo;
		};
		AF161F0B1F78A6FF00B2DD73 /* PBXContainerItemProxy */ = {
			isa = PBXContainerItemProxy;
			containerPortal = AF161EE31F78A6FF00B2DD73 /* Project object */;
			proxyType = 1;
			remoteGlobalIDString = AF161EEA1F78A6FF00B2DD73;
			remoteInfo = piyopiyo;
		};
/* End PBXContainerItemProxy section */

/* Begin PBXFileReference section */
		AF087D8C1F78E3DB006C6BAF /* SwiftyJSON.framework */ = {isa = PBXFileReference; lastKnownFileType = wrapper.framework; name = SwiftyJSON.framework; path = Carthage/Build/iOS/SwiftyJSON.framework; sourceTree = "<group>"; };
		AF087D8D1F78E3DB006C6BAF /* Alamofire.framework */ = {isa = PBXFileReference; lastKnownFileType = wrapper.framework; name = Alamofire.framework; path = Carthage/Build/iOS/Alamofire.framework; sourceTree = "<group>"; };
		AF087D981F790B2B006C6BAF /* LaunchScreen.storyboard */ = {isa = PBXFileReference; lastKnownFileType = file.storyboard; path = LaunchScreen.storyboard; sourceTree = "<group>"; };
		AF087D991F790B2B006C6BAF /* Main.storyboard */ = {isa = PBXFileReference; lastKnownFileType = file.storyboard; path = Main.storyboard; sourceTree = "<group>"; };
		AF113E291F8609070026921A /* ColorPalette.swift */ = {isa = PBXFileReference; lastKnownFileType = sourcecode.swift; path = ColorPalette.swift; sourceTree = "<group>"; };
		AF161EEB1F78A6FF00B2DD73 /* piyopiyo.app */ = {isa = PBXFileReference; explicitFileType = wrapper.application; includeInIndex = 0; path = piyopiyo.app; sourceTree = BUILT_PRODUCTS_DIR; };
		AF161EEE1F78A6FF00B2DD73 /* AppDelegate.swift */ = {isa = PBXFileReference; lastKnownFileType = sourcecode.swift; path = AppDelegate.swift; sourceTree = "<group>"; };
		AF161EF01F78A6FF00B2DD73 /* FeedViewController.swift */ = {isa = PBXFileReference; lastKnownFileType = sourcecode.swift; path = FeedViewController.swift; sourceTree = "<group>"; };
		AF161EF51F78A6FF00B2DD73 /* Assets.xcassets */ = {isa = PBXFileReference; lastKnownFileType = folder.assetcatalog; path = Assets.xcassets; sourceTree = "<group>"; };
		AF161EFA1F78A6FF00B2DD73 /* Info.plist */ = {isa = PBXFileReference; lastKnownFileType = text.plist.xml; path = Info.plist; sourceTree = "<group>"; };
		AF161EFF1F78A6FF00B2DD73 /* piyopiyoTests.xctest */ = {isa = PBXFileReference; explicitFileType = wrapper.cfbundle; includeInIndex = 0; path = piyopiyoTests.xctest; sourceTree = BUILT_PRODUCTS_DIR; };
		AF161F031F78A6FF00B2DD73 /* piyopiyoTests.swift */ = {isa = PBXFileReference; lastKnownFileType = sourcecode.swift; path = piyopiyoTests.swift; sourceTree = "<group>"; };
		AF161F051F78A6FF00B2DD73 /* Info.plist */ = {isa = PBXFileReference; lastKnownFileType = text.plist.xml; path = Info.plist; sourceTree = "<group>"; };
		AF161F0A1F78A6FF00B2DD73 /* piyopiyoUITests.xctest */ = {isa = PBXFileReference; explicitFileType = wrapper.cfbundle; includeInIndex = 0; path = piyopiyoUITests.xctest; sourceTree = BUILT_PRODUCTS_DIR; };
		AF161F0E1F78A6FF00B2DD73 /* piyopiyoUITests.swift */ = {isa = PBXFileReference; lastKnownFileType = sourcecode.swift; path = piyopiyoUITests.swift; sourceTree = "<group>"; };
		AF161F101F78A6FF00B2DD73 /* Info.plist */ = {isa = PBXFileReference; lastKnownFileType = text.plist.xml; path = Info.plist; sourceTree = "<group>"; };
		AF3103F41F95E74900FBCDC7 /* ContinuityTweets.swift */ = {isa = PBXFileReference; lastKnownFileType = sourcecode.swift; path = ContinuityTweets.swift; sourceTree = "<group>"; };
		AF3103F61F95F4E200FBCDC7 /* ContinuityMicroContents.swift */ = {isa = PBXFileReference; lastKnownFileType = sourcecode.swift; path = ContinuityMicroContents.swift; sourceTree = "<group>"; };
		AF3F1E3C1F90701B004F9456 /* TwitterAuthorization.swift */ = {isa = PBXFileReference; lastKnownFileType = sourcecode.swift; path = TwitterAuthorization.swift; sourceTree = "<group>"; };
		AF4260C31F90B77F00249975 /* TwitterAuthorizationTests.swift */ = {isa = PBXFileReference; lastKnownFileType = sourcecode.swift; path = TwitterAuthorizationTests.swift; sourceTree = "<group>"; };
		AF4260C51F90C22500249975 /* Error.swift */ = {isa = PBXFileReference; lastKnownFileType = sourcecode.swift; path = Error.swift; sourceTree = "<group>"; };
		AF914D211F908AB00085FE1C /* SwifteriOS.framework */ = {isa = PBXFileReference; lastKnownFileType = wrapper.framework; name = SwifteriOS.framework; path = Carthage/Build/iOS/SwifteriOS.framework; sourceTree = "<group>"; };
		AFBDE5B81F7A265500441353 /* .gitkeep */ = {isa = PBXFileReference; lastKnownFileType = text; path = .gitkeep; sourceTree = "<group>"; };
		AFBDE5BA1F7A267300441353 /* .gitkeep */ = {isa = PBXFileReference; lastKnownFileType = text; path = .gitkeep; sourceTree = "<group>"; };
		AFBDE5BC1F7A268200441353 /* .gitkeep */ = {isa = PBXFileReference; lastKnownFileType = text; path = .gitkeep; sourceTree = "<group>"; };
		AFBDE5C21F7A34F000441353 /* BalloonView.xib */ = {isa = PBXFileReference; lastKnownFileType = file.xib; path = BalloonView.xib; sourceTree = "<group>"; };
		AFBDE5C41F7A390C00441353 /* BalloonView.swift */ = {isa = PBXFileReference; lastKnownFileType = sourcecode.swift; path = BalloonView.swift; sourceTree = "<group>"; };
		AFC1F0211F8C9863007AB2E0 /* FeedTableViewCell.swift */ = {isa = PBXFileReference; lastKnownFileType = sourcecode.swift; path = FeedTableViewCell.swift; sourceTree = "<group>"; };
		AFC1F0221F8C9863007AB2E0 /* FeedTableViewCell.xib */ = {isa = PBXFileReference; lastKnownFileType = file.xib; path = FeedTableViewCell.xib; sourceTree = "<group>"; };
		AFECFAD21F7DF321001A9A0E /* FeedUITests.swift */ = {isa = PBXFileReference; lastKnownFileType = sourcecode.swift; path = FeedUITests.swift; sourceTree = "<group>"; };
		E46997251F97274E00D635AB /* MenuView.xib */ = {isa = PBXFileReference; lastKnownFileType = file.xib; path = MenuView.xib; sourceTree = "<group>"; };
		E46997271F9740CE00D635AB /* MenuView.swift */ = {isa = PBXFileReference; lastKnownFileType = sourcecode.swift; path = MenuView.swift; sourceTree = "<group>"; };
		E48B909F1F905C610080836C /* Tweet.swift */ = {isa = PBXFileReference; lastKnownFileType = sourcecode.swift; path = Tweet.swift; sourceTree = "<group>"; };
		E48B90A11F905C880080836C /* MicroContent.swift */ = {isa = PBXFileReference; lastKnownFileType = sourcecode.swift; path = MicroContent.swift; sourceTree = "<group>"; };
		E48B90A31F9060AA0080836C /* UserProfile.swift */ = {isa = PBXFileReference; lastKnownFileType = sourcecode.swift; path = UserProfile.swift; sourceTree = "<group>"; };
		E48B90A51F90671C0080836C /* TwitterUserProfile.swift */ = {isa = PBXFileReference; lastKnownFileType = sourcecode.swift; path = TwitterUserProfile.swift; sourceTree = "<group>"; };
		E4AE01DA1F84A761002A1446 /* MicropostUserProfile.swift */ = {isa = PBXFileReference; lastKnownFileType = sourcecode.swift; path = MicropostUserProfile.swift; sourceTree = "<group>"; };
		E4AE01DC1F84AC46002A1446 /* UserProfileTests.swift */ = {isa = PBXFileReference; lastKnownFileType = sourcecode.swift; path = UserProfileTests.swift; sourceTree = "<group>"; };
		E4B874901F85E0CD00B7F0BF /* ContinuityMicroposts.swift */ = {isa = PBXFileReference; lastKnownFileType = sourcecode.swift; path = ContinuityMicroposts.swift; sourceTree = "<group>"; };
		E4B874921F8600FD00B7F0BF /* ContinuityMicropostsTests.swift */ = {isa = PBXFileReference; lastKnownFileType = sourcecode.swift; path = ContinuityMicropostsTests.swift; sourceTree = "<group>"; };
		E4B874941F8736A900B7F0BF /* SDWebImage.framework */ = {isa = PBXFileReference; lastKnownFileType = wrapper.framework; name = SDWebImage.framework; path = Carthage/Build/iOS/SDWebImage.framework; sourceTree = "<group>"; };
		E4D89D9F1F833AE0006A419A /* APIClient.swift */ = {isa = PBXFileReference; lastKnownFileType = sourcecode.swift; path = APIClient.swift; sourceTree = "<group>"; };
		E4D89DA11F833BE2006A419A /* Micropost.swift */ = {isa = PBXFileReference; lastKnownFileType = sourcecode.swift; path = Micropost.swift; sourceTree = "<group>"; };
		E4D89DA31F8383CD006A419A /* MicropostTests.swift */ = {isa = PBXFileReference; lastKnownFileType = sourcecode.swift; path = MicropostTests.swift; sourceTree = "<group>"; };
		E4F700631F7A260700869BD5 /* TutorialView.xib */ = {isa = PBXFileReference; lastKnownFileType = file.xib; path = TutorialView.xib; sourceTree = "<group>"; };
		E4F700651F7A2FBD00869BD5 /* ColorButton.swift */ = {isa = PBXFileReference; lastKnownFileType = sourcecode.swift; path = ColorButton.swift; sourceTree = "<group>"; };
		E4F700671F7A4BEA00869BD5 /* ProfileView.xib */ = {isa = PBXFileReference; lastKnownFileType = file.xib; path = ProfileView.xib; sourceTree = "<group>"; };
		E4F700691F7A4E8E00869BD5 /* ProfileView.swift */ = {isa = PBXFileReference; lastKnownFileType = sourcecode.swift; path = ProfileView.swift; sourceTree = "<group>"; };
		E4F7006B1F7B81F300869BD5 /* TutorialView.swift */ = {isa = PBXFileReference; lastKnownFileType = sourcecode.swift; path = TutorialView.swift; sourceTree = "<group>"; };
		E4F7006D1F7B9BB900869BD5 /* UserFeed.storyboard */ = {isa = PBXFileReference; lastKnownFileType = file.storyboard; path = UserFeed.storyboard; sourceTree = "<group>"; };
		E4F7006F1F7B9D3E00869BD5 /* UserFeedViewController.swift */ = {isa = PBXFileReference; lastKnownFileType = sourcecode.swift; path = UserFeedViewController.swift; sourceTree = "<group>"; };
/* End PBXFileReference section */

/* Begin PBXFrameworksBuildPhase section */
		AF161EE81F78A6FF00B2DD73 /* Frameworks */ = {
			isa = PBXFrameworksBuildPhase;
			buildActionMask = 2147483647;
			files = (
				AF914D221F908AB00085FE1C /* SwifteriOS.framework in Frameworks */,
				E4B874951F8736A900B7F0BF /* SDWebImage.framework in Frameworks */,
				AF087D8E1F78E3DB006C6BAF /* SwiftyJSON.framework in Frameworks */,
				AF087D8F1F78E3DB006C6BAF /* Alamofire.framework in Frameworks */,
			);
			runOnlyForDeploymentPostprocessing = 0;
		};
		AF161EFC1F78A6FF00B2DD73 /* Frameworks */ = {
			isa = PBXFrameworksBuildPhase;
			buildActionMask = 2147483647;
			files = (
			);
			runOnlyForDeploymentPostprocessing = 0;
		};
		AF161F071F78A6FF00B2DD73 /* Frameworks */ = {
			isa = PBXFrameworksBuildPhase;
			buildActionMask = 2147483647;
			files = (
			);
			runOnlyForDeploymentPostprocessing = 0;
		};
/* End PBXFrameworksBuildPhase section */

/* Begin PBXGroup section */
		AF087D8B1F78E3DB006C6BAF /* Frameworks */ = {
			isa = PBXGroup;
			children = (
				AF914D211F908AB00085FE1C /* SwifteriOS.framework */,
				E4B874941F8736A900B7F0BF /* SDWebImage.framework */,
				AF087D8D1F78E3DB006C6BAF /* Alamofire.framework */,
				AF087D8C1F78E3DB006C6BAF /* SwiftyJSON.framework */,
			);
			name = Frameworks;
			sourceTree = "<group>";
		};
		AF087D901F790AA4006C6BAF /* Classes */ = {
			isa = PBXGroup;
			children = (
				AF087D911F790AA4006C6BAF /* Controllers */,
				AF087D921F790AA4006C6BAF /* Helpers */,
				AF087D931F790AA4006C6BAF /* Models */,
				AF087D941F790AA4006C6BAF /* Stores */,
				AF087D951F790AA4006C6BAF /* Views */,
			);
			path = Classes;
			sourceTree = "<group>";
		};
		AF087D911F790AA4006C6BAF /* Controllers */ = {
			isa = PBXGroup;
			children = (
				AF161EF01F78A6FF00B2DD73 /* FeedViewController.swift */,
				E4F7006F1F7B9D3E00869BD5 /* UserFeedViewController.swift */,
			);
			path = Controllers;
			sourceTree = "<group>";
		};
		AF087D921F790AA4006C6BAF /* Helpers */ = {
			isa = PBXGroup;
			children = (
				AFBDE5B81F7A265500441353 /* .gitkeep */,
				E4D89D9F1F833AE0006A419A /* APIClient.swift */,
				AF4260C51F90C22500249975 /* Error.swift */,
				E4B874901F85E0CD00B7F0BF /* ContinuityMicroposts.swift */,
				AF3103F41F95E74900FBCDC7 /* ContinuityTweets.swift */,
				AF3103F61F95F4E200FBCDC7 /* ContinuityMicroContents.swift */,
				AF3F1E3C1F90701B004F9456 /* TwitterAuthorization.swift */,
				AF113E291F8609070026921A /* ColorPalette.swift */,
			);
			path = Helpers;
			sourceTree = "<group>";
		};
		AF087D931F790AA4006C6BAF /* Models */ = {
			isa = PBXGroup;
			children = (
				AFBDE5BA1F7A267300441353 /* .gitkeep */,
				E4D89DA11F833BE2006A419A /* Micropost.swift */,
				E4AE01DA1F84A761002A1446 /* MicropostUserProfile.swift */,
				E48B909F1F905C610080836C /* Tweet.swift */,
				E48B90A11F905C880080836C /* MicroContent.swift */,
				E48B90A31F9060AA0080836C /* UserProfile.swift */,
				E48B90A51F90671C0080836C /* TwitterUserProfile.swift */,
			);
			path = Models;
			sourceTree = "<group>";
		};
		AF087D941F790AA4006C6BAF /* Stores */ = {
			isa = PBXGroup;
			children = (
				AFBDE5BC1F7A268200441353 /* .gitkeep */,
			);
			path = Stores;
			sourceTree = "<group>";
		};
		AF087D951F790AA4006C6BAF /* Views */ = {
			isa = PBXGroup;
			children = (
				E4F700651F7A2FBD00869BD5 /* ColorButton.swift */,
				E4F700691F7A4E8E00869BD5 /* ProfileView.swift */,
				AFBDE5C41F7A390C00441353 /* BalloonView.swift */,
				E4F7006B1F7B81F300869BD5 /* TutorialView.swift */,
				AFC1F0211F8C9863007AB2E0 /* FeedTableViewCell.swift */,
				E46997271F9740CE00D635AB /* MenuView.swift */,
			);
			path = Views;
			sourceTree = "<group>";
		};
		AF087D961F790AA4006C6BAF /* Storyboards */ = {
			isa = PBXGroup;
			children = (
				AF087D981F790B2B006C6BAF /* LaunchScreen.storyboard */,
				AF087D991F790B2B006C6BAF /* Main.storyboard */,
				E4F7006D1F7B9BB900869BD5 /* UserFeed.storyboard */,
			);
			path = Storyboards;
			sourceTree = "<group>";
		};
		AF087D971F790AA4006C6BAF /* Xibs */ = {
			isa = PBXGroup;
			children = (
				E4F700671F7A4BEA00869BD5 /* ProfileView.xib */,
				E4F700631F7A260700869BD5 /* TutorialView.xib */,
				AFBDE5C21F7A34F000441353 /* BalloonView.xib */,
				AFC1F0221F8C9863007AB2E0 /* FeedTableViewCell.xib */,
				E46997251F97274E00D635AB /* MenuView.xib */,
			);
			path = Xibs;
			sourceTree = "<group>";
		};
		AF161EE21F78A6FF00B2DD73 = {
			isa = PBXGroup;
			children = (
				AF161EED1F78A6FF00B2DD73 /* piyopiyo */,
				AF161F021F78A6FF00B2DD73 /* piyopiyoTests */,
				AF161F0D1F78A6FF00B2DD73 /* piyopiyoUITests */,
				AF161EEC1F78A6FF00B2DD73 /* Products */,
				AF087D8B1F78E3DB006C6BAF /* Frameworks */,
			);
			sourceTree = "<group>";
		};
		AF161EEC1F78A6FF00B2DD73 /* Products */ = {
			isa = PBXGroup;
			children = (
				AF161EEB1F78A6FF00B2DD73 /* piyopiyo.app */,
				AF161EFF1F78A6FF00B2DD73 /* piyopiyoTests.xctest */,
				AF161F0A1F78A6FF00B2DD73 /* piyopiyoUITests.xctest */,
			);
			name = Products;
			sourceTree = "<group>";
		};
		AF161EED1F78A6FF00B2DD73 /* piyopiyo */ = {
			isa = PBXGroup;
			children = (
				AF087D901F790AA4006C6BAF /* Classes */,
				AF087D961F790AA4006C6BAF /* Storyboards */,
				AF087D971F790AA4006C6BAF /* Xibs */,
				AF161EEE1F78A6FF00B2DD73 /* AppDelegate.swift */,
				AF161EF51F78A6FF00B2DD73 /* Assets.xcassets */,
				AF161EFA1F78A6FF00B2DD73 /* Info.plist */,
			);
			path = piyopiyo;
			sourceTree = "<group>";
		};
		AF161F021F78A6FF00B2DD73 /* piyopiyoTests */ = {
			isa = PBXGroup;
			children = (
				AF161F031F78A6FF00B2DD73 /* piyopiyoTests.swift */,
				AF161F051F78A6FF00B2DD73 /* Info.plist */,
				E4D89DA31F8383CD006A419A /* MicropostTests.swift */,
				E4AE01DC1F84AC46002A1446 /* UserProfileTests.swift */,
				AF4260C31F90B77F00249975 /* TwitterAuthorizationTests.swift */,
				E4B874921F8600FD00B7F0BF /* ContinuityMicropostsTests.swift */,
			);
			path = piyopiyoTests;
			sourceTree = "<group>";
		};
		AF161F0D1F78A6FF00B2DD73 /* piyopiyoUITests */ = {
			isa = PBXGroup;
			children = (
				AF161F0E1F78A6FF00B2DD73 /* piyopiyoUITests.swift */,
				AFECFAD21F7DF321001A9A0E /* FeedUITests.swift */,
				AF161F101F78A6FF00B2DD73 /* Info.plist */,
			);
			path = piyopiyoUITests;
			sourceTree = "<group>";
		};
/* End PBXGroup section */

/* Begin PBXNativeTarget section */
		AF161EEA1F78A6FF00B2DD73 /* piyopiyo */ = {
			isa = PBXNativeTarget;
			buildConfigurationList = AF161F131F78A6FF00B2DD73 /* Build configuration list for PBXNativeTarget "piyopiyo" */;
			buildPhases = (
				AF161EE71F78A6FF00B2DD73 /* Sources */,
				AF161EE81F78A6FF00B2DD73 /* Frameworks */,
				AF161EE91F78A6FF00B2DD73 /* Resources */,
				AF161F1C1F78AD0800B2DD73 /* ShellScript */,
			);
			buildRules = (
			);
			dependencies = (
			);
			name = piyopiyo;
			productName = piyopiyo;
			productReference = AF161EEB1F78A6FF00B2DD73 /* piyopiyo.app */;
			productType = "com.apple.product-type.application";
		};
		AF161EFE1F78A6FF00B2DD73 /* piyopiyoTests */ = {
			isa = PBXNativeTarget;
			buildConfigurationList = AF161F161F78A6FF00B2DD73 /* Build configuration list for PBXNativeTarget "piyopiyoTests" */;
			buildPhases = (
				AF161EFB1F78A6FF00B2DD73 /* Sources */,
				AF161EFC1F78A6FF00B2DD73 /* Frameworks */,
				AF161EFD1F78A6FF00B2DD73 /* Resources */,
			);
			buildRules = (
			);
			dependencies = (
				AF161F011F78A6FF00B2DD73 /* PBXTargetDependency */,
			);
			name = piyopiyoTests;
			productName = piyopiyoTests;
			productReference = AF161EFF1F78A6FF00B2DD73 /* piyopiyoTests.xctest */;
			productType = "com.apple.product-type.bundle.unit-test";
		};
		AF161F091F78A6FF00B2DD73 /* piyopiyoUITests */ = {
			isa = PBXNativeTarget;
			buildConfigurationList = AF161F191F78A6FF00B2DD73 /* Build configuration list for PBXNativeTarget "piyopiyoUITests" */;
			buildPhases = (
				AF161F061F78A6FF00B2DD73 /* Sources */,
				AF161F071F78A6FF00B2DD73 /* Frameworks */,
				AF161F081F78A6FF00B2DD73 /* Resources */,
			);
			buildRules = (
			);
			dependencies = (
				AF161F0C1F78A6FF00B2DD73 /* PBXTargetDependency */,
			);
			name = piyopiyoUITests;
			productName = piyopiyoUITests;
			productReference = AF161F0A1F78A6FF00B2DD73 /* piyopiyoUITests.xctest */;
			productType = "com.apple.product-type.bundle.ui-testing";
		};
/* End PBXNativeTarget section */

/* Begin PBXProject section */
		AF161EE31F78A6FF00B2DD73 /* Project object */ = {
			isa = PBXProject;
			attributes = {
				LastSwiftUpdateCheck = 0900;
				LastUpgradeCheck = 0900;
				ORGANIZATIONNAME = "GMO Pepabo";
				TargetAttributes = {
					AF161EEA1F78A6FF00B2DD73 = {
						CreatedOnToolsVersion = 9.0;
						ProvisioningStyle = Automatic;
					};
					AF161EFE1F78A6FF00B2DD73 = {
						CreatedOnToolsVersion = 9.0;
						ProvisioningStyle = Automatic;
						TestTargetID = AF161EEA1F78A6FF00B2DD73;
					};
					AF161F091F78A6FF00B2DD73 = {
						CreatedOnToolsVersion = 9.0;
						ProvisioningStyle = Automatic;
						TestTargetID = AF161EEA1F78A6FF00B2DD73;
					};
				};
			};
			buildConfigurationList = AF161EE61F78A6FF00B2DD73 /* Build configuration list for PBXProject "piyopiyo" */;
			compatibilityVersion = "Xcode 8.0";
			developmentRegion = en;
			hasScannedForEncodings = 0;
			knownRegions = (
				en,
				Base,
			);
			mainGroup = AF161EE21F78A6FF00B2DD73;
			productRefGroup = AF161EEC1F78A6FF00B2DD73 /* Products */;
			projectDirPath = "";
			projectRoot = "";
			targets = (
				AF161EEA1F78A6FF00B2DD73 /* piyopiyo */,
				AF161EFE1F78A6FF00B2DD73 /* piyopiyoTests */,
				AF161F091F78A6FF00B2DD73 /* piyopiyoUITests */,
			);
		};
/* End PBXProject section */

/* Begin PBXResourcesBuildPhase section */
		AF161EE91F78A6FF00B2DD73 /* Resources */ = {
			isa = PBXResourcesBuildPhase;
			buildActionMask = 2147483647;
			files = (
				E4F700641F7A260700869BD5 /* TutorialView.xib in Resources */,
				E46997261F97274F00D635AB /* MenuView.xib in Resources */,
				AF087D9A1F790BA5006C6BAF /* LaunchScreen.storyboard in Resources */,
				AF087D9B1F790BA5006C6BAF /* Main.storyboard in Resources */,
				E4F7006E1F7B9BB900869BD5 /* UserFeed.storyboard in Resources */,
				AFBDE5BB1F7A267300441353 /* .gitkeep in Resources */,
				AFBDE5BD1F7A268200441353 /* .gitkeep in Resources */,
				E4F700681F7A4BEA00869BD5 /* ProfileView.xib in Resources */,
				AF161EF61F78A6FF00B2DD73 /* Assets.xcassets in Resources */,
				AFC1F0241F8C9863007AB2E0 /* FeedTableViewCell.xib in Resources */,
				AFBDE5B91F7A265500441353 /* .gitkeep in Resources */,
				AFBDE5C31F7A34F000441353 /* BalloonView.xib in Resources */,
			);
			runOnlyForDeploymentPostprocessing = 0;
		};
		AF161EFD1F78A6FF00B2DD73 /* Resources */ = {
			isa = PBXResourcesBuildPhase;
			buildActionMask = 2147483647;
			files = (
			);
			runOnlyForDeploymentPostprocessing = 0;
		};
		AF161F081F78A6FF00B2DD73 /* Resources */ = {
			isa = PBXResourcesBuildPhase;
			buildActionMask = 2147483647;
			files = (
			);
			runOnlyForDeploymentPostprocessing = 0;
		};
/* End PBXResourcesBuildPhase section */

/* Begin PBXShellScriptBuildPhase section */
		AF161F1C1F78AD0800B2DD73 /* ShellScript */ = {
			isa = PBXShellScriptBuildPhase;
			buildActionMask = 2147483647;
			files = (
			);
			inputPaths = (
				"$(SRCROOT)/Carthage/Build/iOS/Alamofire.framework",
				"$(SRCROOT)/Carthage/Build/iOS/SwiftyJSON.framework",
				"$(SRCROOT)/Carthage/Build/iOS/SDWebImage.framework",
				"$(SRCROOT)/Carthage/Build/iOS/SwifteriOS.framework",
			);
			outputPaths = (
			);
			runOnlyForDeploymentPostprocessing = 0;
			shellPath = /bin/sh;
			shellScript = "/usr/local/bin/carthage copy-frameworks\n\nif which swiftlint >/dev/null; then\nswiftlint\nelse\necho \"warning: SwiftLint not installed, download from https://github.com/realm/SwiftLint\"\nfi";
		};
/* End PBXShellScriptBuildPhase section */

/* Begin PBXSourcesBuildPhase section */
		AF161EE71F78A6FF00B2DD73 /* Sources */ = {
			isa = PBXSourcesBuildPhase;
			buildActionMask = 2147483647;
			files = (
				E4B874911F85E0CD00B7F0BF /* ContinuityMicroposts.swift in Sources */,
				E4F7006A1F7A4E8E00869BD5 /* ProfileView.swift in Sources */,
				E4F700701F7B9D3E00869BD5 /* UserFeedViewController.swift in Sources */,
				AF3103F51F95E74900FBCDC7 /* ContinuityTweets.swift in Sources */,
				E48B90A01F905C610080836C /* Tweet.swift in Sources */,
				AFBDE5C51F7A390C00441353 /* BalloonView.swift in Sources */,
				E46997281F9740CE00D635AB /* MenuView.swift in Sources */,
				AF3F1E3D1F90701B004F9456 /* TwitterAuthorization.swift in Sources */,
				E4D89DA01F833AE1006A419A /* APIClient.swift in Sources */,
				AFC1F0231F8C9863007AB2E0 /* FeedTableViewCell.swift in Sources */,
				E4F7006C1F7B81F300869BD5 /* TutorialView.swift in Sources */,
				E48B90A61F90671C0080836C /* TwitterUserProfile.swift in Sources */,
				E4F700661F7A2FBD00869BD5 /* ColorButton.swift in Sources */,
				AF161EF11F78A6FF00B2DD73 /* FeedViewController.swift in Sources */,
				AF3103F71F95F4E200FBCDC7 /* ContinuityMicroContents.swift in Sources */,
				AF161EEF1F78A6FF00B2DD73 /* AppDelegate.swift in Sources */,
				E4AE01DB1F84A761002A1446 /* MicropostUserProfile.swift in Sources */,
				E48B90A41F9060AA0080836C /* UserProfile.swift in Sources */,
				E4D89DA21F833BE2006A419A /* Micropost.swift in Sources */,
				AF113E2A1F8609070026921A /* ColorPalette.swift in Sources */,
				E48B90A21F905C880080836C /* MicroContent.swift in Sources */,
				AF4260C61F90C22500249975 /* Error.swift in Sources */,
			);
			runOnlyForDeploymentPostprocessing = 0;
		};
		AF161EFB1F78A6FF00B2DD73 /* Sources */ = {
			isa = PBXSourcesBuildPhase;
			buildActionMask = 2147483647;
			files = (
				E4AE01DD1F84AC46002A1446 /* UserProfileTests.swift in Sources */,
				AF4260C41F90B77F00249975 /* TwitterAuthorizationTests.swift in Sources */,
				AF161F041F78A6FF00B2DD73 /* piyopiyoTests.swift in Sources */,
				E4B874931F8600FD00B7F0BF /* ContinuityMicropostsTests.swift in Sources */,
				E4D89DA41F8383CD006A419A /* MicropostTests.swift in Sources */,
			);
			runOnlyForDeploymentPostprocessing = 0;
		};
		AF161F061F78A6FF00B2DD73 /* Sources */ = {
			isa = PBXSourcesBuildPhase;
			buildActionMask = 2147483647;
			files = (
				AF161F0F1F78A6FF00B2DD73 /* piyopiyoUITests.swift in Sources */,
				AFECFAD31F7DF321001A9A0E /* FeedUITests.swift in Sources */,
			);
			runOnlyForDeploymentPostprocessing = 0;
		};
/* End PBXSourcesBuildPhase section */

/* Begin PBXTargetDependency section */
		AF161F011F78A6FF00B2DD73 /* PBXTargetDependency */ = {
			isa = PBXTargetDependency;
			target = AF161EEA1F78A6FF00B2DD73 /* piyopiyo */;
			targetProxy = AF161F001F78A6FF00B2DD73 /* PBXContainerItemProxy */;
		};
		AF161F0C1F78A6FF00B2DD73 /* PBXTargetDependency */ = {
			isa = PBXTargetDependency;
			target = AF161EEA1F78A6FF00B2DD73 /* piyopiyo */;
			targetProxy = AF161F0B1F78A6FF00B2DD73 /* PBXContainerItemProxy */;
		};
/* End PBXTargetDependency section */

/* Begin XCBuildConfiguration section */
		AF161F111F78A6FF00B2DD73 /* Debug */ = {
			isa = XCBuildConfiguration;
			buildSettings = {
				ALWAYS_SEARCH_USER_PATHS = NO;
				CLANG_ANALYZER_NONNULL = YES;
				CLANG_ANALYZER_NUMBER_OBJECT_CONVERSION = YES_AGGRESSIVE;
				CLANG_CXX_LANGUAGE_STANDARD = "gnu++14";
				CLANG_CXX_LIBRARY = "libc++";
				CLANG_ENABLE_MODULES = YES;
				CLANG_ENABLE_OBJC_ARC = YES;
				CLANG_WARN_BLOCK_CAPTURE_AUTORELEASING = YES;
				CLANG_WARN_BOOL_CONVERSION = YES;
				CLANG_WARN_COMMA = YES;
				CLANG_WARN_CONSTANT_CONVERSION = YES;
				CLANG_WARN_DIRECT_OBJC_ISA_USAGE = YES_ERROR;
				CLANG_WARN_DOCUMENTATION_COMMENTS = YES;
				CLANG_WARN_EMPTY_BODY = YES;
				CLANG_WARN_ENUM_CONVERSION = YES;
				CLANG_WARN_INFINITE_RECURSION = YES;
				CLANG_WARN_INT_CONVERSION = YES;
				CLANG_WARN_NON_LITERAL_NULL_CONVERSION = YES;
				CLANG_WARN_OBJC_LITERAL_CONVERSION = YES;
				CLANG_WARN_OBJC_ROOT_CLASS = YES_ERROR;
				CLANG_WARN_RANGE_LOOP_ANALYSIS = YES;
				CLANG_WARN_STRICT_PROTOTYPES = YES;
				CLANG_WARN_SUSPICIOUS_MOVE = YES;
				CLANG_WARN_UNGUARDED_AVAILABILITY = YES_AGGRESSIVE;
				CLANG_WARN_UNREACHABLE_CODE = YES;
				CLANG_WARN__DUPLICATE_METHOD_MATCH = YES;
				CODE_SIGN_IDENTITY = "iPhone Developer";
				COPY_PHASE_STRIP = NO;
				DEBUG_INFORMATION_FORMAT = dwarf;
				ENABLE_STRICT_OBJC_MSGSEND = YES;
				ENABLE_TESTABILITY = YES;
				GCC_C_LANGUAGE_STANDARD = gnu11;
				GCC_DYNAMIC_NO_PIC = NO;
				GCC_NO_COMMON_BLOCKS = YES;
				GCC_OPTIMIZATION_LEVEL = 0;
				GCC_PREPROCESSOR_DEFINITIONS = (
					"DEBUG=1",
					"$(inherited)",
				);
				GCC_WARN_64_TO_32_BIT_CONVERSION = YES;
				GCC_WARN_ABOUT_RETURN_TYPE = YES_ERROR;
				GCC_WARN_UNDECLARED_SELECTOR = YES;
				GCC_WARN_UNINITIALIZED_AUTOS = YES_AGGRESSIVE;
				GCC_WARN_UNUSED_FUNCTION = YES;
				GCC_WARN_UNUSED_VARIABLE = YES;
				IPHONEOS_DEPLOYMENT_TARGET = 11.0;
				MTL_ENABLE_DEBUG_INFO = YES;
				ONLY_ACTIVE_ARCH = YES;
				SDKROOT = iphoneos;
				SWIFT_ACTIVE_COMPILATION_CONDITIONS = DEBUG;
				SWIFT_OPTIMIZATION_LEVEL = "-Onone";
			};
			name = Debug;
		};
		AF161F121F78A6FF00B2DD73 /* Release */ = {
			isa = XCBuildConfiguration;
			buildSettings = {
				ALWAYS_SEARCH_USER_PATHS = NO;
				CLANG_ANALYZER_NONNULL = YES;
				CLANG_ANALYZER_NUMBER_OBJECT_CONVERSION = YES_AGGRESSIVE;
				CLANG_CXX_LANGUAGE_STANDARD = "gnu++14";
				CLANG_CXX_LIBRARY = "libc++";
				CLANG_ENABLE_MODULES = YES;
				CLANG_ENABLE_OBJC_ARC = YES;
				CLANG_WARN_BLOCK_CAPTURE_AUTORELEASING = YES;
				CLANG_WARN_BOOL_CONVERSION = YES;
				CLANG_WARN_COMMA = YES;
				CLANG_WARN_CONSTANT_CONVERSION = YES;
				CLANG_WARN_DIRECT_OBJC_ISA_USAGE = YES_ERROR;
				CLANG_WARN_DOCUMENTATION_COMMENTS = YES;
				CLANG_WARN_EMPTY_BODY = YES;
				CLANG_WARN_ENUM_CONVERSION = YES;
				CLANG_WARN_INFINITE_RECURSION = YES;
				CLANG_WARN_INT_CONVERSION = YES;
				CLANG_WARN_NON_LITERAL_NULL_CONVERSION = YES;
				CLANG_WARN_OBJC_LITERAL_CONVERSION = YES;
				CLANG_WARN_OBJC_ROOT_CLASS = YES_ERROR;
				CLANG_WARN_RANGE_LOOP_ANALYSIS = YES;
				CLANG_WARN_STRICT_PROTOTYPES = YES;
				CLANG_WARN_SUSPICIOUS_MOVE = YES;
				CLANG_WARN_UNGUARDED_AVAILABILITY = YES_AGGRESSIVE;
				CLANG_WARN_UNREACHABLE_CODE = YES;
				CLANG_WARN__DUPLICATE_METHOD_MATCH = YES;
				CODE_SIGN_IDENTITY = "iPhone Developer";
				COPY_PHASE_STRIP = NO;
				DEBUG_INFORMATION_FORMAT = "dwarf-with-dsym";
				ENABLE_NS_ASSERTIONS = NO;
				ENABLE_STRICT_OBJC_MSGSEND = YES;
				GCC_C_LANGUAGE_STANDARD = gnu11;
				GCC_NO_COMMON_BLOCKS = YES;
				GCC_WARN_64_TO_32_BIT_CONVERSION = YES;
				GCC_WARN_ABOUT_RETURN_TYPE = YES_ERROR;
				GCC_WARN_UNDECLARED_SELECTOR = YES;
				GCC_WARN_UNINITIALIZED_AUTOS = YES_AGGRESSIVE;
				GCC_WARN_UNUSED_FUNCTION = YES;
				GCC_WARN_UNUSED_VARIABLE = YES;
				IPHONEOS_DEPLOYMENT_TARGET = 11.0;
				MTL_ENABLE_DEBUG_INFO = NO;
				SDKROOT = iphoneos;
				SWIFT_OPTIMIZATION_LEVEL = "-Owholemodule";
				VALIDATE_PRODUCT = YES;
			};
			name = Release;
		};
		AF161F141F78A6FF00B2DD73 /* Debug */ = {
			isa = XCBuildConfiguration;
			buildSettings = {
				ASSETCATALOG_COMPILER_APPICON_NAME = AppIcon;
				CODE_SIGN_STYLE = Automatic;
				DEVELOPMENT_TEAM = "";
				FRAMEWORK_SEARCH_PATHS = (
					"$(inherited)",
					"$(PROJECT_DIR)/Carthage/Build/iOS",
				);
				INFOPLIST_FILE = piyopiyo/Info.plist;
				LD_RUNPATH_SEARCH_PATHS = "$(inherited) @executable_path/Frameworks";
				PRODUCT_BUNDLE_IDENTIFIER = com.pepabo.piyopiyo;
				PRODUCT_NAME = "$(TARGET_NAME)";
				SWIFT_VERSION = 4.0;
				TARGETED_DEVICE_FAMILY = "1,2";
			};
			name = Debug;
		};
		AF161F151F78A6FF00B2DD73 /* Release */ = {
			isa = XCBuildConfiguration;
			buildSettings = {
				ASSETCATALOG_COMPILER_APPICON_NAME = AppIcon;
				CODE_SIGN_STYLE = Automatic;
				DEVELOPMENT_TEAM = "";
				FRAMEWORK_SEARCH_PATHS = (
					"$(inherited)",
					"$(PROJECT_DIR)/Carthage/Build/iOS",
				);
				INFOPLIST_FILE = piyopiyo/Info.plist;
				LD_RUNPATH_SEARCH_PATHS = "$(inherited) @executable_path/Frameworks";
				PRODUCT_BUNDLE_IDENTIFIER = com.pepabo.piyopiyo;
				PRODUCT_NAME = "$(TARGET_NAME)";
				SWIFT_VERSION = 4.0;
				TARGETED_DEVICE_FAMILY = "1,2";
			};
			name = Release;
		};
		AF161F171F78A6FF00B2DD73 /* Debug */ = {
			isa = XCBuildConfiguration;
			buildSettings = {
				ALWAYS_EMBED_SWIFT_STANDARD_LIBRARIES = YES;
				BUNDLE_LOADER = "$(TEST_HOST)";
				CODE_SIGN_STYLE = Automatic;
				INFOPLIST_FILE = piyopiyoTests/Info.plist;
				LD_RUNPATH_SEARCH_PATHS = "$(inherited) @executable_path/Frameworks @loader_path/Frameworks";
				PRODUCT_BUNDLE_IDENTIFIER = com.pepabo.piyopiyoTests;
				PRODUCT_NAME = "$(TARGET_NAME)";
				SWIFT_VERSION = 4.0;
				TARGETED_DEVICE_FAMILY = "1,2";
				TEST_HOST = "$(BUILT_PRODUCTS_DIR)/piyopiyo.app/piyopiyo";
			};
			name = Debug;
		};
		AF161F181F78A6FF00B2DD73 /* Release */ = {
			isa = XCBuildConfiguration;
			buildSettings = {
				ALWAYS_EMBED_SWIFT_STANDARD_LIBRARIES = YES;
				BUNDLE_LOADER = "$(TEST_HOST)";
				CODE_SIGN_STYLE = Automatic;
				INFOPLIST_FILE = piyopiyoTests/Info.plist;
				LD_RUNPATH_SEARCH_PATHS = "$(inherited) @executable_path/Frameworks @loader_path/Frameworks";
				PRODUCT_BUNDLE_IDENTIFIER = com.pepabo.piyopiyoTests;
				PRODUCT_NAME = "$(TARGET_NAME)";
				SWIFT_VERSION = 4.0;
				TARGETED_DEVICE_FAMILY = "1,2";
				TEST_HOST = "$(BUILT_PRODUCTS_DIR)/piyopiyo.app/piyopiyo";
			};
			name = Release;
		};
		AF161F1A1F78A6FF00B2DD73 /* Debug */ = {
			isa = XCBuildConfiguration;
			buildSettings = {
				ALWAYS_EMBED_SWIFT_STANDARD_LIBRARIES = YES;
				CODE_SIGN_STYLE = Automatic;
				INFOPLIST_FILE = piyopiyoUITests/Info.plist;
				LD_RUNPATH_SEARCH_PATHS = "$(inherited) @executable_path/Frameworks @loader_path/Frameworks";
				PRODUCT_BUNDLE_IDENTIFIER = com.pepabo.piyopiyoUITests;
				PRODUCT_NAME = "$(TARGET_NAME)";
				SWIFT_VERSION = 4.0;
				TARGETED_DEVICE_FAMILY = "1,2";
				TEST_TARGET_NAME = piyopiyo;
			};
			name = Debug;
		};
		AF161F1B1F78A6FF00B2DD73 /* Release */ = {
			isa = XCBuildConfiguration;
			buildSettings = {
				ALWAYS_EMBED_SWIFT_STANDARD_LIBRARIES = YES;
				CODE_SIGN_STYLE = Automatic;
				INFOPLIST_FILE = piyopiyoUITests/Info.plist;
				LD_RUNPATH_SEARCH_PATHS = "$(inherited) @executable_path/Frameworks @loader_path/Frameworks";
				PRODUCT_BUNDLE_IDENTIFIER = com.pepabo.piyopiyoUITests;
				PRODUCT_NAME = "$(TARGET_NAME)";
				SWIFT_VERSION = 4.0;
				TARGETED_DEVICE_FAMILY = "1,2";
				TEST_TARGET_NAME = piyopiyo;
			};
			name = Release;
		};
/* End XCBuildConfiguration section */

/* Begin XCConfigurationList section */
		AF161EE61F78A6FF00B2DD73 /* Build configuration list for PBXProject "piyopiyo" */ = {
			isa = XCConfigurationList;
			buildConfigurations = (
				AF161F111F78A6FF00B2DD73 /* Debug */,
				AF161F121F78A6FF00B2DD73 /* Release */,
			);
			defaultConfigurationIsVisible = 0;
			defaultConfigurationName = Release;
		};
		AF161F131F78A6FF00B2DD73 /* Build configuration list for PBXNativeTarget "piyopiyo" */ = {
			isa = XCConfigurationList;
			buildConfigurations = (
				AF161F141F78A6FF00B2DD73 /* Debug */,
				AF161F151F78A6FF00B2DD73 /* Release */,
			);
			defaultConfigurationIsVisible = 0;
			defaultConfigurationName = Release;
		};
		AF161F161F78A6FF00B2DD73 /* Build configuration list for PBXNativeTarget "piyopiyoTests" */ = {
			isa = XCConfigurationList;
			buildConfigurations = (
				AF161F171F78A6FF00B2DD73 /* Debug */,
				AF161F181F78A6FF00B2DD73 /* Release */,
			);
			defaultConfigurationIsVisible = 0;
			defaultConfigurationName = Release;
		};
		AF161F191F78A6FF00B2DD73 /* Build configuration list for PBXNativeTarget "piyopiyoUITests" */ = {
			isa = XCConfigurationList;
			buildConfigurations = (
				AF161F1A1F78A6FF00B2DD73 /* Debug */,
				AF161F1B1F78A6FF00B2DD73 /* Release */,
			);
			defaultConfigurationIsVisible = 0;
			defaultConfigurationName = Release;
		};
/* End XCConfigurationList section */
	};
	rootObject = AF161EE31F78A6FF00B2DD73 /* Project object */;
}
